
Microsoft Visual Studio Solution File, Format Version 12.00
# Visual Studio 2013
VisualStudioVersion = 12.0.21005.1
MinimumVisualStudioVersion = 10.0.40219.1
Project("{FAE04EC0-301F-11D3-BF4B-00C04F79EFBC}") = "SIPI_SL", "SIPI_SL\SIPI_SL.csproj", "{A93D39CA-F86A-4C20-9A13-59A8B0374DD8}"
EndProject
Project("{FAE04EC0-301F-11D3-BF4B-00C04F79EFBC}") = "DAL", "DAL\DAL.csproj", "{CA8439A2-17FB-40A0-A3E8-A9723B14EDCE}"
EndProject
Project("{FAE04EC0-301F-11D3-BF4B-00C04F79EFBC}") = "BLL", "BLL\BLL.csproj", "{22823F78-CDA4-4FED-9916-93CD50B85D9E}"
EndProject
Project("{FAE04EC0-301F-11D3-BF4B-00C04F79EFBC}") = "DATA", "DATA\DATA.csproj", "{F26586C7-3DEE-472E-AA45-662E8DB22482}"
EndProject
Project("{FAE04EC0-301F-11D3-BF4B-00C04F79EFBC}") = "ENTITY", "ENTITY\ENTITY.csproj", "{5BBF5F1F-512A-48A7-A998-A6B284181464}"
EndProject
Project("{FAE04EC0-301F-11D3-BF4B-00C04F79EFBC}") = "UTILITY", "UTILITY\UTILITY.csproj", "{1A2FAD53-8AA2-4E0D-BE6A-D90124AC0A64}"
EndProject
Project("{FAE04EC0-301F-11D3-BF4B-00C04F79EFBC}") = "DATADBML", "DATADBML\DATADBML.csproj", "{54B06F41-1161-40E0-AC9E-59C63E437D07}"
EndProject
Project("{2150E333-8FDC-42A3-9474-1A3956D46DE8}") = "Solution Items", "Solution Items", "{73E60286-0DB9-4841-8D13-1EFFF6EA348B}"
	ProjectSection(SolutionItems) = preProject
		SPIPI_NEW_TABLES.sql = SPIPI_NEW_TABLES.sql
	EndProjectSection
EndProject
Global
	GlobalSection(SolutionConfigurationPlatforms) = preSolution
		Debug|Any CPU = Debug|Any CPU
		Release|Any CPU = Release|Any CPU
	EndGlobalSection
	GlobalSection(ProjectConfigurationPlatforms) = postSolution
		{A93D39CA-F86A-4C20-9A13-59A8B0374DD8}.Debug|Any CPU.ActiveCfg = Debug|Any CPU
		{A93D39CA-F86A-4C20-9A13-59A8B0374DD8}.Debug|Any CPU.Build.0 = Debug|Any CPU
		{A93D39CA-F86A-4C20-9A13-59A8B0374DD8}.Release|Any CPU.ActiveCfg = Release|Any CPU
		{A93D39CA-F86A-4C20-9A13-59A8B0374DD8}.Release|Any CPU.Build.0 = Release|Any CPU
		{CA8439A2-17FB-40A0-A3E8-A9723B14EDCE}.Debug|Any CPU.ActiveCfg = Debug|Any CPU
		{CA8439A2-17FB-40A0-A3E8-A9723B14EDCE}.Debug|Any CPU.Build.0 = Debug|Any CPU
		{CA8439A2-17FB-40A0-A3E8-A9723B14EDCE}.Release|Any CPU.ActiveCfg = Release|Any CPU
		{CA8439A2-17FB-40A0-A3E8-A9723B14EDCE}.Release|Any CPU.Build.0 = Release|Any CPU
		{22823F78-CDA4-4FED-9916-93CD50B85D9E}.Debug|Any CPU.ActiveCfg = Debug|Any CPU
		{22823F78-CDA4-4FED-9916-93CD50B85D9E}.Debug|Any CPU.Build.0 = Debug|Any CPU
		{22823F78-CDA4-4FED-9916-93CD50B85D9E}.Release|Any CPU.ActiveCfg = Release|Any CPU
		{22823F78-CDA4-4FED-9916-93CD50B85D9E}.Release|Any CPU.Build.0 = Release|Any CPU
		{F26586C7-3DEE-472E-AA45-662E8DB22482}.Debug|Any CPU.ActiveCfg = Debug|Any CPU
		{F26586C7-3DEE-472E-AA45-662E8DB22482}.Debug|Any CPU.Build.0 = Debug|Any CPU
		{F26586C7-3DEE-472E-AA45-662E8DB22482}.Release|Any CPU.ActiveCfg = Release|Any CPU
		{F26586C7-3DEE-472E-AA45-662E8DB22482}.Release|Any CPU.Build.0 = Release|Any CPU
		{5BBF5F1F-512A-48A7-A998-A6B284181464}.Debug|Any CPU.ActiveCfg = Debug|Any CPU
		{5BBF5F1F-512A-48A7-A998-A6B284181464}.Debug|Any CPU.Build.0 = Debug|Any CPU
		{5BBF5F1F-512A-48A7-A998-A6B284181464}.Release|Any CPU.ActiveCfg = Release|Any CPU
		{5BBF5F1F-512A-48A7-A998-A6B284181464}.Release|Any CPU.Build.0 = Release|Any CPU
		{1A2FAD53-8AA2-4E0D-BE6A-D90124AC0A64}.Debug|Any CPU.ActiveCfg = Debug|Any CPU
		{1A2FAD53-8AA2-4E0D-BE6A-D90124AC0A64}.Debug|Any CPU.Build.0 = Debug|Any CPU
		{1A2FAD53-8AA2-4E0D-BE6A-D90124AC0A64}.Release|Any CPU.ActiveCfg = Release|Any CPU
		{1A2FAD53-8AA2-4E0D-BE6A-D90124AC0A64}.Release|Any CPU.Build.0 = Release|Any CPU
		{54B06F41-1161-40E0-AC9E-59C63E437D07}.Debug|Any CPU.ActiveCfg = Debug|Any CPU
		{54B06F41-1161-40E0-AC9E-59C63E437D07}.Debug|Any CPU.Build.0 = Debug|Any CPU
		{54B06F41-1161-40E0-AC9E-59C63E437D07}.Release|Any CPU.ActiveCfg = Release|Any CPU
		{54B06F41-1161-40E0-AC9E-59C63E437D07}.Release|Any CPU.Build.0 = Release|Any CPU
	EndGlobalSection
	GlobalSection(SolutionProperties) = preSolution
		HideSolutionNode = FALSE
	EndGlobalSection
EndGlobal
